
Microsoft Visual Studio Solution File, Format Version 12.00
# Visual Studio Version 17
VisualStudioVersion = 17.7.34024.191
MinimumVisualStudioVersion = 10.0.40219.1
Project("{8BC9CEB8-8B4A-11D0-8D11-00A0C91BC942}") = "7.2 iter", "7.2 iter.vcxproj", "{24B43BDD-8E32-4E93-9B24-5B0E9E54EECC}"
EndProject
Project("{8BC9CEB8-8B4A-11D0-8D11-00A0C91BC942}") = "UnitTest1", "UnitTest1\UnitTest1.vcxproj", "{FF214EC8-70C4-44CB-A5F6-6E5274FBDEC0}"
EndProject
Global
	GlobalSection(SolutionConfigurationPlatforms) = preSolution
		Debug|x64 = Debug|x64
		Debug|x86 = Debug|x86
		Release|x64 = Release|x64
		Release|x86 = Release|x86
	EndGlobalSection
	GlobalSection(ProjectConfigurationPlatforms) = postSolution
		{24B43BDD-8E32-4E93-9B24-5B0E9E54EECC}.Debug|x64.ActiveCfg = Debug|x64
		{24B43BDD-8E32-4E93-9B24-5B0E9E54EECC}.Debug|x64.Build.0 = Debug|x64
		{24B43BDD-8E32-4E93-9B24-5B0E9E54EECC}.Debug|x86.ActiveCfg = Debug|Win32
		{24B43BDD-8E32-4E93-9B24-5B0E9E54EECC}.Debug|x86.Build.0 = Debug|Win32
		{24B43BDD-8E32-4E93-9B24-5B0E9E54EECC}.Release|x64.ActiveCfg = Release|x64
		{24B43BDD-8E32-4E93-9B24-5B0E9E54EECC}.Release|x64.Build.0 = Release|x64
		{24B43BDD-8E32-4E93-9B24-5B0E9E54EECC}.Release|x86.ActiveCfg = Release|Win32
		{24B43BDD-8E32-4E93-9B24-5B0E9E54EECC}.Release|x86.Build.0 = Release|Win32
		{FF214EC8-70C4-44CB-A5F6-6E5274FBDEC0}.Debug|x64.ActiveCfg = Debug|x64
		{FF214EC8-70C4-44CB-A5F6-6E5274FBDEC0}.Debug|x64.Build.0 = Debug|x64
		{FF214EC8-70C4-44CB-A5F6-6E5274FBDEC0}.Debug|x86.ActiveCfg = Debug|Win32
		{FF214EC8-70C4-44CB-A5F6-6E5274FBDEC0}.Debug|x86.Build.0 = Debug|Win32
		{FF214EC8-70C4-44CB-A5F6-6E5274FBDEC0}.Release|x64.ActiveCfg = Release|x64
		{FF214EC8-70C4-44CB-A5F6-6E5274FBDEC0}.Release|x64.Build.0 = Release|x64
		{FF214EC8-70C4-44CB-A5F6-6E5274FBDEC0}.Release|x86.ActiveCfg = Release|Win32
		{FF214EC8-70C4-44CB-A5F6-6E5274FBDEC0}.Release|x86.Build.0 = Release|Win32
	EndGlobalSection
	GlobalSection(SolutionProperties) = preSolution
		HideSolutionNode = FALSE
	EndGlobalSection
	GlobalSection(ExtensibilityGlobals) = postSolution
		SolutionGuid = {FEB0EC7E-F8F5-4FC1-9DE3-170AEFEA4226}
	EndGlobalSection
EndGlobal
